# generated by rye
# use `rye lock` or `rye sync` to update this lockfile
#
# last locked with the following flags:
#   pre: false
#   features: []
#   all-features: false

-e file:.
iniconfig==2.0.0
mypy==1.10.0
mypy-extensions==1.0.0
packaging==24.0
pluggy==1.5.0
pytest==8.2.1
pyyaml==6.0.1
tqdm==4.66.4
types-pyyaml==6.0.12.20240311
typing-extensions==4.12.0
